{
    "_meta": {
        "hash": {
            "sha256": "ba021813e736c34aecdd701992adf41739fdebd3250b7582a6892604476122d8"
        },
        "pipfile-spec": 6,
        "requires": {
            "python_version": "3.7"
        },
        "sources": [
            {
                "name": "pypi",
                "url": "https://pypi.org/simple",
                "verify_ssl": true
            }
        ]
    },
    "default": {
        "confluent-kafka": {
            "hashes": [
                "sha256:0efd716da4f03f99d45fbb0d1583c5c8bf1eabc258a883588e3cd6ee06c0facb",
                "sha256:1bcb0d45fba5fcfa87971667490ff41ec8aae99e8c66ec61bf2c28e4dabf2737",
                "sha256:1f52d6dd04fc81cb22e89a6b579cde83634f9c98218af6fcb794e8e924fc5de0",
                "sha256:4025ccddbc79443a4e2342de0d770f669558eb737fca2e7851558cd45f78ef78",
                "sha256:413cc9189ba7560bdc1010bbf3cabdcccfb794262f20aa867778e4059e789e88",
                "sha256:4194c11fdfa47fe749eabe7f2bcd259e921a457b046df5fe82d11dd519412327",
                "sha256:48941bff7b151ebe8fc5d958b8b039164ad9bbb4b5b66dde7d8c16ce36fa5ca5",
                "sha256:4d85e900ee59cba6acbe2ed415f6b8b86c86cca4f1cf0782bca24588cb594f52",
                "sha256:5252f989c364b1231eb4bd26db7a6acae1020af53069c7567f4f9627afab2612",
                "sha256:6095b248c457518d3f83ecb981a819512241b3c3fd7f461f3c55405278ab7825",
                "sha256:63245ea826238f7c41002c6583e44d07a3a25fbcedd320af4902bb22d17a67ec",
                "sha256:70a2aa7056143ff30a8259d69327b38838f402fabbcc0699cfd8a7de4123825a",
                "sha256:77f545e9b143b22d2f11609677aacf7d15855b0166a59634fb1b125ac209b7d7",
                "sha256:81a1f91a82c65bc3d3d77dbb821b2c91e36ec482a5fc1dec8996c00c4c5bbd3b",
                "sha256:8469a8780a8d6258d4be08dc882b1d2e8114cfb93ae3836c2841ecfc127efc03",
                "sha256:86685d98e28bc9eade04a06b4979829f1d5c7785bced8cf335152e4dd363e4aa",
                "sha256:86bfac9a48a7a77c1f4972272521f970c4bbd55975a5c7c7d172c21dea094f28",
                "sha256:910cd945e9684c4d1ee8777258e6f3fa6a54e5ff8d361bba65b03275d0e57f18",
                "sha256:9350101ca2db756cb9ca2c5ef410a0c19b200267add97a76c2ffa167ac59685a",
                "sha256:98258fbe75c5d67f0e6103eec1763f9bb713e4258dbdac45ecf8805a975fdd5c",
                "sha256:99d75d06e79ec7d489cd410717d5ad303dee2a632db5d39f5d20f1ec1a40a23e",
                "sha256:a1925564bb10556686a9857ce22c222f1d6e66079d3379e23edec0bb3c19703b",
                "sha256:a4600737ed4ceb6c799319d1d2977c46c00966274d868bcdeba66b655558ee26",
                "sha256:b96882b342b78b082aeedb56ee3c35d137adeadc26a63188ea36ae46ae1d485c",
                "sha256:c57c58f812a21fa8ad9f8bac88b4cd026dfe5b4f1fc9353d4fc0186c9b6d558e",
                "sha256:c72c9223a95b6668a805b175ab39e10a1cb2074e1cfa32a7cace758c744c4238",
                "sha256:ce45cc45b0dd29fb5a297a7f248f98dc5bde0142d48e07a19140f45906296b14",
                "sha256:d060ffc618b5618b8e01bc1414104e4c595746f28029ac91b1f7b63d5bcb72f2",
                "sha256:e3bcb44595824dd1c78980bb57804a18ff8de16e257e747bd2724db88acfee25",
                "sha256:f294a3c3115c2b12a8f0dec6165e1bd427f3a4ca6066a9028e13f9a516c9a162",
                "sha256:f7a8bb7a5e80776a2dd8d4f4edbef1ebd5fdb2f443f87e95e08f6f7c598c33e1",
                "sha256:fcb975bc7b26611e3c5c32f3c584ed860703f0496b22c096642ebc36d8cb4f12"
            ],
            "index": "pypi",
            "version": "==1.3.0"
        },
        "findspark": {
            "hashes": [
                "sha256:49d56b847138fc470415d615128c3504cb0faa09dd2fc79a9e0d84e3c0320d70",
                "sha256:ea9df8f8c24c2b070823b83637c8c69c725c523f061464b2e0aae87b8d505179"
            ],
            "index": "pypi",
            "version": "==1.3.0"
        },
        "ijson": {
            "hashes": [
                "sha256:25d4d159405f75a7443c1fe83b6d7be5a7da017b4aa9cc1bb5cda3feb74aaf32",
                "sha256:26978c02314233c87bddad8800b7b9a56a052334f495e2bce93b282397c6931d",
                "sha256:60393946d73792d5adeeaa25e82ff2f5bf19b17f6617a468743a4db4a07298a0",
                "sha256:75ebc60b23abfb1c97f475ab5d07a5ed725ad4bd1f58513d8b258c21f02703d0",
                "sha256:7bac04b23691e6ab122d8f9ff06b26dbbb6df01babbf6bf8856ccad1c505278b",
                "sha256:8ce67b7d3435c3fc831d5c06f60b2d20a853b599cdf885478e575a3416fbf655",
                "sha256:9904bf55bc1f170353c32144861d8295f0bdc41034e5e6ae58cbf30610023ca6",
                "sha256:a4cd7f8ecf035d0e23db1cc6d6036e6c563f31abacbceae88904bb8b7f88b1f6",
                "sha256:a8b486bdf24e389947e588f4021498f6cc56cafdfaec1c78e9952e0f338aef23",
                "sha256:ae9cc3ebbe8fa030b923b5dff912a61980edd03dc00b92f5c0223e44cbc51d9f",
                "sha256:c0042bb768fb890c177af923c0ead157cdc70c6dfa64827765c1a3676a879190",
                "sha256:d320dc1c1c9adbe404668b0fed6bfa0ac8693911159564f4655a5f2059746993"
            ],
            "index": "pypi",
            "version": "==2.6.1"
        },
        "loguru": {
            "hashes": [
                "sha256:6e3e8d865201f5a301a4eb7563f4c9e979d80fbe6f6fa919b3e3a7e095106c7b",
                "sha256:d5ddf363b7e0e562652f283f74a89bf35601baf16b70f2cd2736a2f8c6638748"
            ],
            "index": "pypi",
            "version": "==0.4.0"
        },
        "pathlib": {
            "hashes": [
                "sha256:6940718dfc3eff4258203ad5021090933e5c04707d5ca8cc9e73c94a7894ea9f",
                "sha256:f35f95ab8b0f59e6d354090350b44a80a80635d22efdedfa84c7ad1cf0a74147"
            ],
            "index": "pypi",
            "version": "==1.0.1"
        },
        "py4j": {
            "hashes": [
                "sha256:276a4a3c5a2154df1860ef3303a927460e02e97b047dc0a47c1c3fb8cce34db6",
                "sha256:52d171a6a2b031d8a5d1de6efe451cf4f5baff1a2819aabc3741c8406539ba04"
            ],
            "version": "==0.10.9.5"
        },
        "pyspark": {
            "hashes": [
                "sha256:5455214cf0b83d4a184cda25ca3b0812481915353b180cf7d7ac227728a4d99e"
            ],
            "index": "pypi",
            "version": "==3.2.2"
        },
        "python-dateutil": {
            "hashes": [
                "sha256:73ebfe9dbf22e832286dafa60473e4cd239f8592f699aa5adaf10050e6e1823c",
                "sha256:75bb3f31ea686f1197762692a9ee6a7550b59fc6ca3a1f4b5d7e32fb98e2da2a"
            ],
            "index": "pypi",
            "version": "==2.8.1"
        },
        "six": {
            "hashes": [
                "sha256:1e61c37477a1626458e36f7b1d82aa5c9b094fa4802892072e49de9c60c4c926",
                "sha256:8abb2f1d86890a2dfb989f9a77cfcfd3e47c2a354b01111771326f8aa26e0254"
            ],
            "markers": "python_version >= '2.7' and python_version not in '3.0, 3.1, 3.2, 3.3'",
            "version": "==1.16.0"
        }
    },
    "develop": {}
}
